// !$*UTF8*$!
{
	archiveVersion = 1;
	classes = {
	};
	objectVersion = 56;
	objects = {

/* Begin PBXBuildFile section */
		AC6EC10828E372AE00AE0E38 /* AppDelegate.swift in Sources */ = {isa = PBXBuildFile; fileRef = AC6EC10728E372AE00AE0E38 /* AppDelegate.swift */; };
		AC6EC10A28E372AE00AE0E38 /* GameScene.sks in Resources */ = {isa = PBXBuildFile; fileRef = AC6EC10928E372AE00AE0E38 /* GameScene.sks */; };
		AC6EC10E28E372AE00AE0E38 /* GameScene.swift in Sources */ = {isa = PBXBuildFile; fileRef = AC6EC10D28E372AE00AE0E38 /* GameScene.swift */; };
		AC6EC11028E372AE00AE0E38 /* GameViewController.swift in Sources */ = {isa = PBXBuildFile; fileRef = AC6EC10F28E372AE00AE0E38 /* GameViewController.swift */; };
		AC6EC11328E372AE00AE0E38 /* Main.storyboard in Resources */ = {isa = PBXBuildFile; fileRef = AC6EC11128E372AE00AE0E38 /* Main.storyboard */; };
		AC6EC11528E372AF00AE0E38 /* Assets.xcassets in Resources */ = {isa = PBXBuildFile; fileRef = AC6EC11428E372AF00AE0E38 /* Assets.xcassets */; };
		AC6EC11828E372AF00AE0E38 /* LaunchScreen.storyboard in Resources */ = {isa = PBXBuildFile; fileRef = AC6EC11628E372AF00AE0E38 /* LaunchScreen.storyboard */; };
		AC6EC12528E3756D00AE0E38 /* whack.caf in Resources */ = {isa = PBXBuildFile; fileRef = AC6EC12428E3756D00AE0E38 /* whack.caf */; };
		AC6EC12728E3757A00AE0E38 /* whackBad.caf in Resources */ = {isa = PBXBuildFile; fileRef = AC6EC12628E3757A00AE0E38 /* whackBad.caf */; };
/* End PBXBuildFile section */

/* Begin PBXFileReference section */
		AC6EC10428E372AE00AE0E38 /* Whack-a-Penguin.app */ = {isa = PBXFileReference; explicitFileType = wrapper.application; includeInIndex = 0; path = "Whack-a-Penguin.app"; sourceTree = BUILT_PRODUCTS_DIR; };
		AC6EC10728E372AE00AE0E38 /* AppDelegate.swift */ = {isa = PBXFileReference; lastKnownFileType = sourcecode.swift; path = AppDelegate.swift; sourceTree = "<group>"; };
		AC6EC10928E372AE00AE0E38 /* GameScene.sks */ = {isa = PBXFileReference; lastKnownFileType = file.sks; path = GameScene.sks; sourceTree = "<group>"; };
		AC6EC10D28E372AE00AE0E38 /* GameScene.swift */ = {isa = PBXFileReference; lastKnownFileType = sourcecode.swift; path = GameScene.swift; sourceTree = "<group>"; };
		AC6EC10F28E372AE00AE0E38 /* GameViewController.swift */ = {isa = PBXFileReference; lastKnownFileType = sourcecode.swift; path = GameViewController.swift; sourceTree = "<group>"; };
		AC6EC11228E372AE00AE0E38 /* Base */ = {isa = PBXFileReference; lastKnownFileType = file.storyboard; name = Base; path = Base.lproj/Main.storyboard; sourceTree = "<group>"; };
		AC6EC11428E372AF00AE0E38 /* Assets.xcassets */ = {isa = PBXFileReference; lastKnownFileType = folder.assetcatalog; path = Assets.xcassets; sourceTree = "<group>"; };
		AC6EC11728E372AF00AE0E38 /* Base */ = {isa = PBXFileReference; lastKnownFileType = file.storyboard; name = Base; path = Base.lproj/LaunchScreen.storyboard; sourceTree = "<group>"; };
		AC6EC12428E3756D00AE0E38 /* whack.caf */ = {isa = PBXFileReference; lastKnownFileType = file; name = whack.caf; path = "../../HackingWithSwift/Classic/project14-files/Content/whack.caf"; sourceTree = "<group>"; };
		AC6EC12628E3757A00AE0E38 /* whackBad.caf */ = {isa = PBXFileReference; lastKnownFileType = file; name = whackBad.caf; path = "../../HackingWithSwift/Classic/project14-files/Content/whackBad.caf"; sourceTree = "<group>"; };
/* End PBXFileReference section */

/* Begin PBXFrameworksBuildPhase section */
		AC6EC10128E372AE00AE0E38 /* Frameworks */ = {
			isa = PBXFrameworksBuildPhase;
			buildActionMask = 2147483647;
			files = (
			);
			runOnlyForDeploymentPostprocessing = 0;
		};
/* End PBXFrameworksBuildPhase section */

/* Begin PBXGroup section */
		AC6EC0FB28E372AE00AE0E38 = {
			isa = PBXGroup;
			children = (
				AC6EC10628E372AE00AE0E38 /* Whack-a-Penguin */,
				AC6EC10528E372AE00AE0E38 /* Products */,
			);
			sourceTree = "<group>";
		};
		AC6EC10528E372AE00AE0E38 /* Products */ = {
			isa = PBXGroup;
			children = (
				AC6EC10428E372AE00AE0E38 /* Whack-a-Penguin.app */,
			);
			name = Products;
			sourceTree = "<group>";
		};
		AC6EC10628E372AE00AE0E38 /* Whack-a-Penguin */ = {
			isa = PBXGroup;
			children = (
				AC6EC10728E372AE00AE0E38 /* AppDelegate.swift */,
				AC6EC10928E372AE00AE0E38 /* GameScene.sks */,
				AC6EC10D28E372AE00AE0E38 /* GameScene.swift */,
				AC6EC10F28E372AE00AE0E38 /* GameViewController.swift */,
				AC6EC11128E372AE00AE0E38 /* Main.storyboard */,
				AC6EC11428E372AF00AE0E38 /* Assets.xcassets */,
				AC6EC11628E372AF00AE0E38 /* LaunchScreen.storyboard */,
				AC6EC12428E3756D00AE0E38 /* whack.caf */,
				AC6EC12628E3757A00AE0E38 /* whackBad.caf */,
			);
			path = "Whack-a-Penguin";
			sourceTree = "<group>";
		};
/* End PBXGroup section */

/* Begin PBXNativeTarget section */
		AC6EC10328E372AE00AE0E38 /* Whack-a-Penguin */ = {
			isa = PBXNativeTarget;
			buildConfigurationList = AC6EC11B28E372AF00AE0E38 /* Build configuration list for PBXNativeTarget "Whack-a-Penguin" */;
			buildPhases = (
				AC6EC10028E372AE00AE0E38 /* Sources */,
				AC6EC10128E372AE00AE0E38 /* Frameworks */,
				AC6EC10228E372AE00AE0E38 /* Resources */,
			);
			buildRules = (
			);
			dependencies = (
			);
			name = "Whack-a-Penguin";
			productName = "Whack-a-Penguin";
			productReference = AC6EC10428E372AE00AE0E38 /* Whack-a-Penguin.app */;
			productType = "com.apple.product-type.application";
		};
/* End PBXNativeTarget section */

/* Begin PBXProject section */
		AC6EC0FC28E372AE00AE0E38 /* Project object */ = {
			isa = PBXProject;
			attributes = {
				BuildIndependentTargetsInParallel = 1;
				LastSwiftUpdateCheck = 1400;
				LastUpgradeCheck = 1400;
				TargetAttributes = {
					AC6EC10328E372AE00AE0E38 = {
						CreatedOnToolsVersion = 14.0.1;
					};
				};
			};
			buildConfigurationList = AC6EC0FF28E372AE00AE0E38 /* Build configuration list for PBXProject "Whack-a-Penguin" */;
			compatibilityVersion = "Xcode 14.0";
			developmentRegion = en;
			hasScannedForEncodings = 0;
			knownRegions = (
				en,
				Base,
			);
			mainGroup = AC6EC0FB28E372AE00AE0E38;
			productRefGroup = AC6EC10528E372AE00AE0E38 /* Products */;
			projectDirPath = "";
			projectRoot = "";
			targets = (
				AC6EC10328E372AE00AE0E38 /* Whack-a-Penguin */,
			);
		};
/* End PBXProject section */

/* Begin PBXResourcesBuildPhase section */
		AC6EC10228E372AE00AE0E38 /* Resources */ = {
			isa = PBXResourcesBuildPhase;
			buildActionMask = 2147483647;
			files = (
				AC6EC11328E372AE00AE0E38 /* Main.storyboard in Resources */,
				AC6EC12528E3756D00AE0E38 /* whack.caf in Resources */,
				AC6EC10A28E372AE00AE0E38 /* GameScene.sks in Resources */,
				AC6EC11528E372AF00AE0E38 /* Assets.xcassets in Resources */,
				AC6EC11828E372AF00AE0E38 /* LaunchScreen.storyboard in Resources */,
				AC6EC12728E3757A00AE0E38 /* whackBad.caf in Resources */,
			);
			runOnlyForDeploymentPostprocessing = 0;
		};
/* End PBXResourcesBuildPhase section */

/* Begin PBXSourcesBuildPhase section */
		AC6EC10028E372AE00AE0E38 /* Sources */ = {
			isa = PBXSourcesBuildPhase;
			buildActionMask = 2147483647;
			files = (
				AC6EC10E28E372AE00AE0E38 /* GameScene.swift in Sources */,
				AC6EC11028E372AE00AE0E38 /* GameViewController.swift in Sources */,
				AC6EC10828E372AE00AE0E38 /* AppDelegate.swift in Sources */,
			);
			runOnlyForDeploymentPostprocessing = 0;
		};
/* End PBXSourcesBuildPhase section */

/* Begin PBXVariantGroup section */
		AC6EC11128E372AE00AE0E38 /* Main.storyboard */ = {
			isa = PBXVariantGroup;
			children = (
				AC6EC11228E372AE00AE0E38 /* Base */,
			);
			name = Main.storyboard;
			sourceTree = "<group>";
		};
		AC6EC11628E372AF00AE0E38 /* LaunchScreen.storyboard */ = {
			isa = PBXVariantGroup;
			children = (
				AC6EC11728E372AF00AE0E38 /* Base */,
			);
			name = LaunchScreen.storyboard;
			sourceTree = "<group>";
		};
/* End PBXVariantGroup section */

/* Begin XCBuildConfiguration section */
		AC6EC11928E372AF00AE0E38 /* Debug */ = {
			isa = XCBuildConfiguration;
			buildSettings = {
				ALWAYS_SEARCH_USER_PATHS = NO;
				CLANG_ANALYZER_NONNULL = YES;
				CLANG_ANALYZER_NUMBER_OBJECT_CONVERSION = YES_AGGRESSIVE;
				CLANG_CXX_LANGUAGE_STANDARD = "gnu++20";
				CLANG_ENABLE_MODULES = YES;
				CLANG_ENABLE_OBJC_ARC = YES;
				CLANG_ENABLE_OBJC_WEAK = YES;
				CLANG_WARN_BLOCK_CAPTURE_AUTORELEASING = YES;
				CLANG_WARN_BOOL_CONVERSION = YES;
				CLANG_WARN_COMMA = YES;
				CLANG_WARN_CONSTANT_CONVERSION = YES;
				CLANG_WARN_DEPRECATED_OBJC_IMPLEMENTATIONS = YES;
				CLANG_WARN_DIRECT_OBJC_ISA_USAGE = YES_ERROR;
				CLANG_WARN_DOCUMENTATION_COMMENTS = YES;
				CLANG_WARN_EMPTY_BODY = YES;
				CLANG_WARN_ENUM_CONVERSION = YES;
				CLANG_WARN_INFINITE_RECURSION = YES;
				CLANG_WARN_INT_CONVERSION = YES;
				CLANG_WARN_NON_LITERAL_NULL_CONVERSION = YES;
				CLANG_WARN_OBJC_IMPLICIT_RETAIN_SELF = YES;
				CLANG_WARN_OBJC_LITERAL_CONVERSION = YES;
				CLANG_WARN_OBJC_ROOT_CLASS = YES_ERROR;
				CLANG_WARN_QUOTED_INCLUDE_IN_FRAMEWORK_HEADER = YES;
				CLANG_WARN_RANGE_LOOP_ANALYSIS = YES;
				CLANG_WARN_STRICT_PROTOTYPES = YES;
				CLANG_WARN_SUSPICIOUS_MOVE = YES;
				CLANG_WARN_UNGUARDED_AVAILABILITY = YES_AGGRESSIVE;
				CLANG_WARN_UNREACHABLE_CODE = YES;
				CLANG_WARN__DUPLICATE_METHOD_MATCH = YES;
				COPY_PHASE_STRIP = NO;
				DEBUG_INFORMATION_FORMAT = dwarf;
				ENABLE_STRICT_OBJC_MSGSEND = YES;
				ENABLE_TESTABILITY = YES;
				GCC_C_LANGUAGE_STANDARD = gnu11;
				GCC_DYNAMIC_NO_PIC = NO;
				GCC_NO_COMMON_BLOCKS = YES;
				GCC_OPTIMIZATION_LEVEL = 0;
				GCC_PREPROCESSOR_DEFINITIONS = (
					"DEBUG=1",
					"$(inherited)",
				);
				GCC_WARN_64_TO_32_BIT_CONVERSION = YES;
				GCC_WARN_ABOUT_RETURN_TYPE = YES_ERROR;
				GCC_WARN_UNDECLARED_SELECTOR = YES;
				GCC_WARN_UNINITIALIZED_AUTOS = YES_AGGRESSIVE;
				GCC_WARN_UNUSED_FUNCTION = YES;
				GCC_WARN_UNUSED_VARIABLE = YES;
				IPHONEOS_DEPLOYMENT_TARGET = 16.0;
				MTL_ENABLE_DEBUG_INFO = INCLUDE_SOURCE;
				MTL_FAST_MATH = YES;
				ONLY_ACTIVE_ARCH = YES;
				SDKROOT = iphoneos;
				SWIFT_ACTIVE_COMPILATION_CONDITIONS = DEBUG;
				SWIFT_OPTIMIZATION_LEVEL = "-Onone";
			};
			name = Debug;
		};
		AC6EC11A28E372AF00AE0E38 /* Release */ = {
			isa = XCBuildConfiguration;
			buildSettings = {
				ALWAYS_SEARCH_USER_PATHS = NO;
				CLANG_ANALYZER_NONNULL = YES;
				CLANG_ANALYZER_NUMBER_OBJECT_CONVERSION = YES_AGGRESSIVE;
				CLANG_CXX_LANGUAGE_STANDARD = "gnu++20";
				CLANG_ENABLE_MODULES = YES;
				CLANG_ENABLE_OBJC_ARC = YES;
				CLANG_ENABLE_OBJC_WEAK = YES;
				CLANG_WARN_BLOCK_CAPTURE_AUTORELEASING = YES;
				CLANG_WARN_BOOL_CONVERSION = YES;
				CLANG_WARN_COMMA = YES;
				CLANG_WARN_CONSTANT_CONVERSION = YES;
				CLANG_WARN_DEPRECATED_OBJC_IMPLEMENTATIONS = YES;
				CLANG_WARN_DIRECT_OBJC_ISA_USAGE = YES_ERROR;
				CLANG_WARN_DOCUMENTATION_COMMENTS = YES;
				CLANG_WARN_EMPTY_BODY = YES;
				CLANG_WARN_ENUM_CONVERSION = YES;
				CLANG_WARN_INFINITE_RECURSION = YES;
				CLANG_WARN_INT_CONVERSION = YES;
				CLANG_WARN_NON_LITERAL_NULL_CONVERSION = YES;
				CLANG_WARN_OBJC_IMPLICIT_RETAIN_SELF = YES;
				CLANG_WARN_OBJC_LITERAL_CONVERSION = YES;
				CLANG_WARN_OBJC_ROOT_CLASS = YES_ERROR;
				CLANG_WARN_QUOTED_INCLUDE_IN_FRAMEWORK_HEADER = YES;
				CLANG_WARN_RANGE_LOOP_ANALYSIS = YES;
				CLANG_WARN_STRICT_PROTOTYPES = YES;
				CLANG_WARN_SUSPICIOUS_MOVE = YES;
				CLANG_WARN_UNGUARDED_AVAILABILITY = YES_AGGRESSIVE;
				CLANG_WARN_UNREACHABLE_CODE = YES;
				CLANG_WARN__DUPLICATE_METHOD_MATCH = YES;
				COPY_PHASE_STRIP = NO;
				DEBUG_INFORMATION_FORMAT = "dwarf-with-dsym";
				ENABLE_NS_ASSERTIONS = NO;
				ENABLE_STRICT_OBJC_MSGSEND = YES;
				GCC_C_LANGUAGE_STANDARD = gnu11;
				GCC_NO_COMMON_BLOCKS = YES;
				GCC_WARN_64_TO_32_BIT_CONVERSION = YES;
				GCC_WARN_ABOUT_RETURN_TYPE = YES_ERROR;
				GCC_WARN_UNDECLARED_SELECTOR = YES;
				GCC_WARN_UNINITIALIZED_AUTOS = YES_AGGRESSIVE;
				GCC_WARN_UNUSED_FUNCTION = YES;
				GCC_WARN_UNUSED_VARIABLE = YES;
				IPHONEOS_DEPLOYMENT_TARGET = 16.0;
				MTL_ENABLE_DEBUG_INFO = NO;
				MTL_FAST_MATH = YES;
				SDKROOT = iphoneos;
				SWIFT_COMPILATION_MODE = wholemodule;
				SWIFT_OPTIMIZATION_LEVEL = "-O";
				VALIDATE_PRODUCT = YES;
			};
			name = Release;
		};
		AC6EC11C28E372AF00AE0E38 /* Debug */ = {
			isa = XCBuildConfiguration;
			buildSettings = {
				ASSETCATALOG_COMPILER_APPICON_NAME = AppIcon;
				ASSETCATALOG_COMPILER_GLOBAL_ACCENT_COLOR_NAME = AccentColor;
				CODE_SIGN_STYLE = Automatic;
				CURRENT_PROJECT_VERSION = 1;
				DEVELOPMENT_TEAM = R83GTKJHKR;
				GENERATE_INFOPLIST_FILE = YES;
				INFOPLIST_KEY_UIApplicationSupportsIndirectInputEvents = YES;
				INFOPLIST_KEY_UILaunchStoryboardName = LaunchScreen;
				INFOPLIST_KEY_UIMainStoryboardFile = Main;
				INFOPLIST_KEY_UIStatusBarHidden = YES;
				INFOPLIST_KEY_UISupportedInterfaceOrientations = "UIInterfaceOrientationLandscapeLeft UIInterfaceOrientationLandscapeRight UIInterfaceOrientationPortrait";
				INFOPLIST_KEY_UISupportedInterfaceOrientations_iPad = "UIInterfaceOrientationLandscapeLeft UIInterfaceOrientationLandscapeRight";
				LD_RUNPATH_SEARCH_PATHS = (
					"$(inherited)",
					"@executable_path/Frameworks",
				);
				MARKETING_VERSION = 1.0;
				PRODUCT_BUNDLE_IDENTIFIER = "com.paulofilho.Whack-a-Penguin";
				PRODUCT_NAME = "$(TARGET_NAME)";
				SUPPORTED_PLATFORMS = "iphoneos iphonesimulator";
				SUPPORTS_MACCATALYST = NO;
				SUPPORTS_MAC_DESIGNED_FOR_IPHONE_IPAD = NO;
				SWIFT_EMIT_LOC_STRINGS = YES;
				SWIFT_VERSION = 5.0;
				TARGETED_DEVICE_FAMILY = 2;
			};
			name = Debug;
		};
		AC6EC11D28E372AF00AE0E38 /* Release */ = {
			isa = XCBuildConfiguration;
			buildSettings = {
				ASSETCATALOG_COMPILER_APPICON_NAME = AppIcon;
				ASSETCATALOG_COMPILER_GLOBAL_ACCENT_COLOR_NAME = AccentColor;
				CODE_SIGN_STYLE = Automatic;
				CURRENT_PROJECT_VERSION = 1;
				DEVELOPMENT_TEAM = R83GTKJHKR;
				GENERATE_INFOPLIST_FILE = YES;
				INFOPLIST_KEY_UIApplicationSupportsIndirectInputEvents = YES;
				INFOPLIST_KEY_UILaunchStoryboardName = LaunchScreen;
				INFOPLIST_KEY_UIMainStoryboardFile = Main;
				INFOPLIST_KEY_UIStatusBarHidden = YES;
				INFOPLIST_KEY_UISupportedInterfaceOrientations = "UIInterfaceOrientationLandscapeLeft UIInterfaceOrientationLandscapeRight UIInterfaceOrientationPortrait";
				INFOPLIST_KEY_UISupportedInterfaceOrientations_iPad = "UIInterfaceOrientationLandscapeLeft UIInterfaceOrientationLandscapeRight";
				LD_RUNPATH_SEARCH_PATHS = (
					"$(inherited)",
					"@executable_path/Frameworks",
				);
				MARKETING_VERSION = 1.0;
				PRODUCT_BUNDLE_IDENTIFIER = "com.paulofilho.Whack-a-Penguin";
				PRODUCT_NAME = "$(TARGET_NAME)";
				SUPPORTED_PLATFORMS = "iphoneos iphonesimulator";
				SUPPORTS_MACCATALYST = NO;
				SUPPORTS_MAC_DESIGNED_FOR_IPHONE_IPAD = NO;
				SWIFT_EMIT_LOC_STRINGS = YES;
				SWIFT_VERSION = 5.0;
				TARGETED_DEVICE_FAMILY = 2;
			};
			name = Release;
		};
/* End XCBuildConfiguration section */

/* Begin XCConfigurationList section */
		AC6EC0FF28E372AE00AE0E38 /* Build configuration list for PBXProject "Whack-a-Penguin" */ = {
			isa = XCConfigurationList;
			buildConfigurations = (
				AC6EC11928E372AF00AE0E38 /* Debug */,
				AC6EC11A28E372AF00AE0E38 /* Release */,
			);
			defaultConfigurationIsVisible = 0;
			defaultConfigurationName = Release;
		};
		AC6EC11B28E372AF00AE0E38 /* Build configuration list for PBXNativeTarget "Whack-a-Penguin" */ = {
			isa = XCConfigurationList;
			buildConfigurations = (
				AC6EC11C28E372AF00AE0E38 /* Debug */,
				AC6EC11D28E372AF00AE0E38 /* Release */,
			);
			defaultConfigurationIsVisible = 0;
			defaultConfigurationName = Release;
		};
/* End XCConfigurationList section */
	};
	rootObject = AC6EC0FC28E372AE00AE0E38 /* Project object */;
}
